
Microsoft Visual Studio Solution File, Format Version 12.00
# Visual Studio Version 17
VisualStudioVersion = 17.3.32819.101
MinimumVisualStudioVersion = 10.0.40219.1
Project("{FAE04EC0-301F-11D3-BF4B-00C04F79EFBC}") = "TokensWay", "TokensWay\TokensWay.csproj", "{6696AD6B-77A2-4BA3-992B-85A875A4D65F}"
EndProject
Global
	GlobalSection(SolutionConfigurationPlatforms) = preSolution
		Debug|Any CPU = Debug|Any CPU
		Release|Any CPU = Release|Any CPU
	EndGlobalSection
	GlobalSection(ProjectConfigurationPlatforms) = postSolution
		{6696AD6B-77A2-4BA3-992B-85A875A4D65F}.Debug|Any CPU.ActiveCfg = Debug|Any CPU
		{6696AD6B-77A2-4BA3-992B-85A875A4D65F}.Debug|Any CPU.Build.0 = Debug|Any CPU
		{6696AD6B-77A2-4BA3-992B-85A875A4D65F}.Release|Any CPU.ActiveCfg = Release|Any CPU
		{6696AD6B-77A2-4BA3-992B-85A875A4D65F}.Release|Any CPU.Build.0 = Release|Any CPU
	EndGlobalSection
	GlobalSection(SolutionProperties) = preSolution
		HideSolutionNode = FALSE
	EndGlobalSection
	GlobalSection(ExtensibilityGlobals) = postSolution
		SolutionGuid = {769A08A1-A17B-4F48-B5A6-2B1F7D9171D4}
	EndGlobalSection
EndGlobal
