
Microsoft Visual Studio Solution File, Format Version 12.00
# Visual Studio Version 16
VisualStudioVersion = 16.0.28803.352
MinimumVisualStudioVersion = 10.0.40219.1
Project("{FAE04EC0-301F-11D3-BF4B-00C04F79EFBC}") = "textoamp3", "textoamp3\textoamp3.csproj", "{D2A41492-CA9A-4E68-97FB-6997D3E493F4}"
EndProject
Project("{FAE04EC0-301F-11D3-BF4B-00C04F79EFBC}") = "blobsController", "blobsController\blobsController.csproj", "{6ACD9A20-EF3F-4EFC-9BB6-7B8E7AF0E7F7}"
EndProject
Project("{FAE04EC0-301F-11D3-BF4B-00C04F79EFBC}") = "textoamp3app.UWP", "textoamp3app\textoamp3app.UWP\textoamp3app.UWP.csproj", "{ED819978-E8B2-4F5A-BEFF-802FA3CAD50A}"
EndProject
Project("{FAE04EC0-301F-11D3-BF4B-00C04F79EFBC}") = "textoamp3app.Android", "textoamp3app\textoamp3app.Android\textoamp3app.Android.csproj", "{77A9E6B1-82DD-497F-A859-64EDA684D31F}"
EndProject
Project("{FAE04EC0-301F-11D3-BF4B-00C04F79EFBC}") = "textoamp3app.iOS", "textoamp3app\textoamp3app.iOS\textoamp3app.iOS.csproj", "{24DB6BA1-5963-4E6A-8A1E-7EF5FB1EA9E2}"
EndProject
Project("{FAE04EC0-301F-11D3-BF4B-00C04F79EFBC}") = "textoamp3app", "textoamp3app\textoamp3app\textoamp3app.csproj", "{15FBBA76-54F1-4DA7-8EF3-E966A71AACF1}"
EndProject
Global
	GlobalSection(SolutionConfigurationPlatforms) = preSolution
		Debug|Any CPU = Debug|Any CPU
		Debug|ARM = Debug|ARM
		Debug|iPhone = Debug|iPhone
		Debug|iPhoneSimulator = Debug|iPhoneSimulator
		Debug|x64 = Debug|x64
		Debug|x86 = Debug|x86
		Release|Any CPU = Release|Any CPU
		Release|ARM = Release|ARM
		Release|iPhone = Release|iPhone
		Release|iPhoneSimulator = Release|iPhoneSimulator
		Release|x64 = Release|x64
		Release|x86 = Release|x86
	EndGlobalSection
	GlobalSection(ProjectConfigurationPlatforms) = postSolution
		{D2A41492-CA9A-4E68-97FB-6997D3E493F4}.Debug|Any CPU.ActiveCfg = Debug|Any CPU
		{D2A41492-CA9A-4E68-97FB-6997D3E493F4}.Debug|Any CPU.Build.0 = Debug|Any CPU
		{D2A41492-CA9A-4E68-97FB-6997D3E493F4}.Debug|ARM.ActiveCfg = Debug|Any CPU
		{D2A41492-CA9A-4E68-97FB-6997D3E493F4}.Debug|ARM.Build.0 = Debug|Any CPU
		{D2A41492-CA9A-4E68-97FB-6997D3E493F4}.Debug|iPhone.ActiveCfg = Debug|Any CPU
		{D2A41492-CA9A-4E68-97FB-6997D3E493F4}.Debug|iPhone.Build.0 = Debug|Any CPU
		{D2A41492-CA9A-4E68-97FB-6997D3E493F4}.Debug|iPhoneSimulator.ActiveCfg = Debug|Any CPU
		{D2A41492-CA9A-4E68-97FB-6997D3E493F4}.Debug|iPhoneSimulator.Build.0 = Debug|Any CPU
		{D2A41492-CA9A-4E68-97FB-6997D3E493F4}.Debug|x64.ActiveCfg = Debug|x64
		{D2A41492-CA9A-4E68-97FB-6997D3E493F4}.Debug|x64.Build.0 = Debug|x64
		{D2A41492-CA9A-4E68-97FB-6997D3E493F4}.Debug|x86.ActiveCfg = Debug|x86
		{D2A41492-CA9A-4E68-97FB-6997D3E493F4}.Debug|x86.Build.0 = Debug|x86
		{D2A41492-CA9A-4E68-97FB-6997D3E493F4}.Release|Any CPU.ActiveCfg = Release|Any CPU
		{D2A41492-CA9A-4E68-97FB-6997D3E493F4}.Release|Any CPU.Build.0 = Release|Any CPU
		{D2A41492-CA9A-4E68-97FB-6997D3E493F4}.Release|ARM.ActiveCfg = Release|Any CPU
		{D2A41492-CA9A-4E68-97FB-6997D3E493F4}.Release|ARM.Build.0 = Release|Any CPU
		{D2A41492-CA9A-4E68-97FB-6997D3E493F4}.Release|iPhone.ActiveCfg = Release|Any CPU
		{D2A41492-CA9A-4E68-97FB-6997D3E493F4}.Release|iPhone.Build.0 = Release|Any CPU
		{D2A41492-CA9A-4E68-97FB-6997D3E493F4}.Release|iPhoneSimulator.ActiveCfg = Release|Any CPU
		{D2A41492-CA9A-4E68-97FB-6997D3E493F4}.Release|iPhoneSimulator.Build.0 = Release|Any CPU
		{D2A41492-CA9A-4E68-97FB-6997D3E493F4}.Release|x64.ActiveCfg = Release|x64
		{D2A41492-CA9A-4E68-97FB-6997D3E493F4}.Release|x64.Build.0 = Release|x64
		{D2A41492-CA9A-4E68-97FB-6997D3E493F4}.Release|x86.ActiveCfg = Release|x86
		{D2A41492-CA9A-4E68-97FB-6997D3E493F4}.Release|x86.Build.0 = Release|x86
		{6ACD9A20-EF3F-4EFC-9BB6-7B8E7AF0E7F7}.Debug|Any CPU.ActiveCfg = Debug|Any CPU
		{6ACD9A20-EF3F-4EFC-9BB6-7B8E7AF0E7F7}.Debug|Any CPU.Build.0 = Debug|Any CPU
		{6ACD9A20-EF3F-4EFC-9BB6-7B8E7AF0E7F7}.Debug|ARM.ActiveCfg = Debug|Any CPU
		{6ACD9A20-EF3F-4EFC-9BB6-7B8E7AF0E7F7}.Debug|ARM.Build.0 = Debug|Any CPU
		{6ACD9A20-EF3F-4EFC-9BB6-7B8E7AF0E7F7}.Debug|iPhone.ActiveCfg = Debug|Any CPU
		{6ACD9A20-EF3F-4EFC-9BB6-7B8E7AF0E7F7}.Debug|iPhone.Build.0 = Debug|Any CPU
		{6ACD9A20-EF3F-4EFC-9BB6-7B8E7AF0E7F7}.Debug|iPhoneSimulator.ActiveCfg = Debug|Any CPU
		{6ACD9A20-EF3F-4EFC-9BB6-7B8E7AF0E7F7}.Debug|iPhoneSimulator.Build.0 = Debug|Any CPU
		{6ACD9A20-EF3F-4EFC-9BB6-7B8E7AF0E7F7}.Debug|x64.ActiveCfg = Debug|Any CPU
		{6ACD9A20-EF3F-4EFC-9BB6-7B8E7AF0E7F7}.Debug|x64.Build.0 = Debug|Any CPU
		{6ACD9A20-EF3F-4EFC-9BB6-7B8E7AF0E7F7}.Debug|x86.ActiveCfg = Debug|Any CPU
		{6ACD9A20-EF3F-4EFC-9BB6-7B8E7AF0E7F7}.Debug|x86.Build.0 = Debug|Any CPU
		{6ACD9A20-EF3F-4EFC-9BB6-7B8E7AF0E7F7}.Release|Any CPU.ActiveCfg = Release|Any CPU
		{6ACD9A20-EF3F-4EFC-9BB6-7B8E7AF0E7F7}.Release|Any CPU.Build.0 = Release|Any CPU
		{6ACD9A20-EF3F-4EFC-9BB6-7B8E7AF0E7F7}.Release|ARM.ActiveCfg = Release|Any CPU
		{6ACD9A20-EF3F-4EFC-9BB6-7B8E7AF0E7F7}.Release|ARM.Build.0 = Release|Any CPU
		{6ACD9A20-EF3F-4EFC-9BB6-7B8E7AF0E7F7}.Release|iPhone.ActiveCfg = Release|Any CPU
		{6ACD9A20-EF3F-4EFC-9BB6-7B8E7AF0E7F7}.Release|iPhone.Build.0 = Release|Any CPU
		{6ACD9A20-EF3F-4EFC-9BB6-7B8E7AF0E7F7}.Release|iPhoneSimulator.ActiveCfg = Release|Any CPU
		{6ACD9A20-EF3F-4EFC-9BB6-7B8E7AF0E7F7}.Release|iPhoneSimulator.Build.0 = Release|Any CPU
		{6ACD9A20-EF3F-4EFC-9BB6-7B8E7AF0E7F7}.Release|x64.ActiveCfg = Release|Any CPU
		{6ACD9A20-EF3F-4EFC-9BB6-7B8E7AF0E7F7}.Release|x64.Build.0 = Release|Any CPU
		{6ACD9A20-EF3F-4EFC-9BB6-7B8E7AF0E7F7}.Release|x86.ActiveCfg = Release|Any CPU
		{6ACD9A20-EF3F-4EFC-9BB6-7B8E7AF0E7F7}.Release|x86.Build.0 = Release|Any CPU
		{ED819978-E8B2-4F5A-BEFF-802FA3CAD50A}.Debug|Any CPU.ActiveCfg = Debug|x86
		{ED819978-E8B2-4F5A-BEFF-802FA3CAD50A}.Debug|ARM.ActiveCfg = Debug|ARM
		{ED819978-E8B2-4F5A-BEFF-802FA3CAD50A}.Debug|ARM.Build.0 = Debug|ARM
		{ED819978-E8B2-4F5A-BEFF-802FA3CAD50A}.Debug|ARM.Deploy.0 = Debug|ARM
		{ED819978-E8B2-4F5A-BEFF-802FA3CAD50A}.Debug|iPhone.ActiveCfg = Debug|x86
		{ED819978-E8B2-4F5A-BEFF-802FA3CAD50A}.Debug|iPhoneSimulator.ActiveCfg = Debug|x86
		{ED819978-E8B2-4F5A-BEFF-802FA3CAD50A}.Debug|x64.ActiveCfg = Debug|x64
		{ED819978-E8B2-4F5A-BEFF-802FA3CAD50A}.Debug|x64.Build.0 = Debug|x64
		{ED819978-E8B2-4F5A-BEFF-802FA3CAD50A}.Debug|x64.Deploy.0 = Debug|x64
		{ED819978-E8B2-4F5A-BEFF-802FA3CAD50A}.Debug|x86.ActiveCfg = Debug|x86
		{ED819978-E8B2-4F5A-BEFF-802FA3CAD50A}.Debug|x86.Build.0 = Debug|x86
		{ED819978-E8B2-4F5A-BEFF-802FA3CAD50A}.Debug|x86.Deploy.0 = Debug|x86
		{ED819978-E8B2-4F5A-BEFF-802FA3CAD50A}.Release|Any CPU.ActiveCfg = Release|x86
		{ED819978-E8B2-4F5A-BEFF-802FA3CAD50A}.Release|ARM.ActiveCfg = Release|ARM
		{ED819978-E8B2-4F5A-BEFF-802FA3CAD50A}.Release|ARM.Build.0 = Release|ARM
		{ED819978-E8B2-4F5A-BEFF-802FA3CAD50A}.Release|ARM.Deploy.0 = Release|ARM
		{ED819978-E8B2-4F5A-BEFF-802FA3CAD50A}.Release|iPhone.ActiveCfg = Release|x86
		{ED819978-E8B2-4F5A-BEFF-802FA3CAD50A}.Release|iPhoneSimulator.ActiveCfg = Release|x86
		{ED819978-E8B2-4F5A-BEFF-802FA3CAD50A}.Release|x64.ActiveCfg = Release|x64
		{ED819978-E8B2-4F5A-BEFF-802FA3CAD50A}.Release|x64.Build.0 = Release|x64
		{ED819978-E8B2-4F5A-BEFF-802FA3CAD50A}.Release|x64.Deploy.0 = Release|x64
		{ED819978-E8B2-4F5A-BEFF-802FA3CAD50A}.Release|x86.ActiveCfg = Release|x86
		{ED819978-E8B2-4F5A-BEFF-802FA3CAD50A}.Release|x86.Build.0 = Release|x86
		{ED819978-E8B2-4F5A-BEFF-802FA3CAD50A}.Release|x86.Deploy.0 = Release|x86
		{77A9E6B1-82DD-497F-A859-64EDA684D31F}.Debug|Any CPU.ActiveCfg = Debug|Any CPU
		{77A9E6B1-82DD-497F-A859-64EDA684D31F}.Debug|Any CPU.Build.0 = Debug|Any CPU
		{77A9E6B1-82DD-497F-A859-64EDA684D31F}.Debug|Any CPU.Deploy.0 = Debug|Any CPU
		{77A9E6B1-82DD-497F-A859-64EDA684D31F}.Debug|ARM.ActiveCfg = Debug|Any CPU
		{77A9E6B1-82DD-497F-A859-64EDA684D31F}.Debug|ARM.Build.0 = Debug|Any CPU
		{77A9E6B1-82DD-497F-A859-64EDA684D31F}.Debug|ARM.Deploy.0 = Debug|Any CPU
		{77A9E6B1-82DD-497F-A859-64EDA684D31F}.Debug|iPhone.ActiveCfg = Debug|Any CPU
		{77A9E6B1-82DD-497F-A859-64EDA684D31F}.Debug|iPhone.Build.0 = Debug|Any CPU
		{77A9E6B1-82DD-497F-A859-64EDA684D31F}.Debug|iPhone.Deploy.0 = Debug|Any CPU
		{77A9E6B1-82DD-497F-A859-64EDA684D31F}.Debug|iPhoneSimulator.ActiveCfg = Debug|Any CPU
		{77A9E6B1-82DD-497F-A859-64EDA684D31F}.Debug|iPhoneSimulator.Build.0 = Debug|Any CPU
		{77A9E6B1-82DD-497F-A859-64EDA684D31F}.Debug|iPhoneSimulator.Deploy.0 = Debug|Any CPU
		{77A9E6B1-82DD-497F-A859-64EDA684D31F}.Debug|x64.ActiveCfg = Debug|Any CPU
		{77A9E6B1-82DD-497F-A859-64EDA684D31F}.Debug|x64.Build.0 = Debug|Any CPU
		{77A9E6B1-82DD-497F-A859-64EDA684D31F}.Debug|x64.Deploy.0 = Debug|Any CPU
		{77A9E6B1-82DD-497F-A859-64EDA684D31F}.Debug|x86.ActiveCfg = Debug|Any CPU
		{77A9E6B1-82DD-497F-A859-64EDA684D31F}.Debug|x86.Build.0 = Debug|Any CPU
		{77A9E6B1-82DD-497F-A859-64EDA684D31F}.Debug|x86.Deploy.0 = Debug|Any CPU
		{77A9E6B1-82DD-497F-A859-64EDA684D31F}.Release|Any CPU.ActiveCfg = Release|Any CPU
		{77A9E6B1-82DD-497F-A859-64EDA684D31F}.Release|Any CPU.Build.0 = Release|Any CPU
		{77A9E6B1-82DD-497F-A859-64EDA684D31F}.Release|Any CPU.Deploy.0 = Release|Any CPU
		{77A9E6B1-82DD-497F-A859-64EDA684D31F}.Release|ARM.ActiveCfg = Release|Any CPU
		{77A9E6B1-82DD-497F-A859-64EDA684D31F}.Release|ARM.Build.0 = Release|Any CPU
		{77A9E6B1-82DD-497F-A859-64EDA684D31F}.Release|ARM.Deploy.0 = Release|Any CPU
		{77A9E6B1-82DD-497F-A859-64EDA684D31F}.Release|iPhone.ActiveCfg = Release|Any CPU
		{77A9E6B1-82DD-497F-A859-64EDA684D31F}.Release|iPhone.Build.0 = Release|Any CPU
		{77A9E6B1-82DD-497F-A859-64EDA684D31F}.Release|iPhone.Deploy.0 = Release|Any CPU
		{77A9E6B1-82DD-497F-A859-64EDA684D31F}.Release|iPhoneSimulator.ActiveCfg = Release|Any CPU
		{77A9E6B1-82DD-497F-A859-64EDA684D31F}.Release|iPhoneSimulator.Build.0 = Release|Any CPU
		{77A9E6B1-82DD-497F-A859-64EDA684D31F}.Release|iPhoneSimulator.Deploy.0 = Release|Any CPU
		{77A9E6B1-82DD-497F-A859-64EDA684D31F}.Release|x64.ActiveCfg = Release|Any CPU
		{77A9E6B1-82DD-497F-A859-64EDA684D31F}.Release|x64.Build.0 = Release|Any CPU
		{77A9E6B1-82DD-497F-A859-64EDA684D31F}.Release|x64.Deploy.0 = Release|Any CPU
		{77A9E6B1-82DD-497F-A859-64EDA684D31F}.Release|x86.ActiveCfg = Release|Any CPU
		{77A9E6B1-82DD-497F-A859-64EDA684D31F}.Release|x86.Build.0 = Release|Any CPU
		{77A9E6B1-82DD-497F-A859-64EDA684D31F}.Release|x86.Deploy.0 = Release|Any CPU
		{24DB6BA1-5963-4E6A-8A1E-7EF5FB1EA9E2}.Debug|Any CPU.ActiveCfg = Debug|iPhone
		{24DB6BA1-5963-4E6A-8A1E-7EF5FB1EA9E2}.Debug|ARM.ActiveCfg = Debug|iPhone
		{24DB6BA1-5963-4E6A-8A1E-7EF5FB1EA9E2}.Debug|iPhone.ActiveCfg = Debug|iPhone
		{24DB6BA1-5963-4E6A-8A1E-7EF5FB1EA9E2}.Debug|iPhone.Build.0 = Debug|iPhone
		{24DB6BA1-5963-4E6A-8A1E-7EF5FB1EA9E2}.Debug|iPhoneSimulator.ActiveCfg = Debug|iPhoneSimulator
		{24DB6BA1-5963-4E6A-8A1E-7EF5FB1EA9E2}.Debug|iPhoneSimulator.Build.0 = Debug|iPhoneSimulator
		{24DB6BA1-5963-4E6A-8A1E-7EF5FB1EA9E2}.Debug|x64.ActiveCfg = Debug|iPhone
		{24DB6BA1-5963-4E6A-8A1E-7EF5FB1EA9E2}.Debug|x86.ActiveCfg = Debug|iPhone
		{24DB6BA1-5963-4E6A-8A1E-7EF5FB1EA9E2}.Release|Any CPU.ActiveCfg = Release|iPhone
		{24DB6BA1-5963-4E6A-8A1E-7EF5FB1EA9E2}.Release|ARM.ActiveCfg = Release|iPhone
		{24DB6BA1-5963-4E6A-8A1E-7EF5FB1EA9E2}.Release|iPhone.ActiveCfg = Release|iPhone
		{24DB6BA1-5963-4E6A-8A1E-7EF5FB1EA9E2}.Release|iPhone.Build.0 = Release|iPhone
		{24DB6BA1-5963-4E6A-8A1E-7EF5FB1EA9E2}.Release|iPhoneSimulator.ActiveCfg = Release|iPhoneSimulator
		{24DB6BA1-5963-4E6A-8A1E-7EF5FB1EA9E2}.Release|iPhoneSimulator.Build.0 = Release|iPhoneSimulator
		{24DB6BA1-5963-4E6A-8A1E-7EF5FB1EA9E2}.Release|x64.ActiveCfg = Release|iPhone
		{24DB6BA1-5963-4E6A-8A1E-7EF5FB1EA9E2}.Release|x86.ActiveCfg = Release|iPhone
		{15FBBA76-54F1-4DA7-8EF3-E966A71AACF1}.Debug|Any CPU.ActiveCfg = Debug|Any CPU
		{15FBBA76-54F1-4DA7-8EF3-E966A71AACF1}.Debug|Any CPU.Build.0 = Debug|Any CPU
		{15FBBA76-54F1-4DA7-8EF3-E966A71AACF1}.Debug|ARM.ActiveCfg = Debug|Any CPU
		{15FBBA76-54F1-4DA7-8EF3-E966A71AACF1}.Debug|ARM.Build.0 = Debug|Any CPU
		{15FBBA76-54F1-4DA7-8EF3-E966A71AACF1}.Debug|iPhone.ActiveCfg = Debug|Any CPU
		{15FBBA76-54F1-4DA7-8EF3-E966A71AACF1}.Debug|iPhone.Build.0 = Debug|Any CPU
		{15FBBA76-54F1-4DA7-8EF3-E966A71AACF1}.Debug|iPhoneSimulator.ActiveCfg = Debug|Any CPU
		{15FBBA76-54F1-4DA7-8EF3-E966A71AACF1}.Debug|iPhoneSimulator.Build.0 = Debug|Any CPU
		{15FBBA76-54F1-4DA7-8EF3-E966A71AACF1}.Debug|x64.ActiveCfg = Debug|Any CPU
		{15FBBA76-54F1-4DA7-8EF3-E966A71AACF1}.Debug|x64.Build.0 = Debug|Any CPU
		{15FBBA76-54F1-4DA7-8EF3-E966A71AACF1}.Debug|x86.ActiveCfg = Debug|Any CPU
		{15FBBA76-54F1-4DA7-8EF3-E966A71AACF1}.Debug|x86.Build.0 = Debug|Any CPU
		{15FBBA76-54F1-4DA7-8EF3-E966A71AACF1}.Release|Any CPU.ActiveCfg = Release|Any CPU
		{15FBBA76-54F1-4DA7-8EF3-E966A71AACF1}.Release|Any CPU.Build.0 = Release|Any CPU
		{15FBBA76-54F1-4DA7-8EF3-E966A71AACF1}.Release|ARM.ActiveCfg = Release|Any CPU
		{15FBBA76-54F1-4DA7-8EF3-E966A71AACF1}.Release|ARM.Build.0 = Release|Any CPU
		{15FBBA76-54F1-4DA7-8EF3-E966A71AACF1}.Release|iPhone.ActiveCfg = Release|Any CPU
		{15FBBA76-54F1-4DA7-8EF3-E966A71AACF1}.Release|iPhone.Build.0 = Release|Any CPU
		{15FBBA76-54F1-4DA7-8EF3-E966A71AACF1}.Release|iPhoneSimulator.ActiveCfg = Release|Any CPU
		{15FBBA76-54F1-4DA7-8EF3-E966A71AACF1}.Release|iPhoneSimulator.Build.0 = Release|Any CPU
		{15FBBA76-54F1-4DA7-8EF3-E966A71AACF1}.Release|x64.ActiveCfg = Release|Any CPU
		{15FBBA76-54F1-4DA7-8EF3-E966A71AACF1}.Release|x64.Build.0 = Release|Any CPU
		{15FBBA76-54F1-4DA7-8EF3-E966A71AACF1}.Release|x86.ActiveCfg = Release|Any CPU
		{15FBBA76-54F1-4DA7-8EF3-E966A71AACF1}.Release|x86.Build.0 = Release|Any CPU
	EndGlobalSection
	GlobalSection(SolutionProperties) = preSolution
		HideSolutionNode = FALSE
	EndGlobalSection
	GlobalSection(ExtensibilityGlobals) = postSolution
		SolutionGuid = {69708717-3E0A-4356-929F-4B66925D1EB5}
	EndGlobalSection
EndGlobal
