
Microsoft Visual Studio Solution File, Format Version 12.00
# Visual Studio Version 17
VisualStudioVersion = 17.11.35312.102
MinimumVisualStudioVersion = 10.0.40219.1
Project("{FAE04EC0-301F-11D3-BF4B-00C04F79EFBC}") = "bitcoinCoreMiner", "bitcoinCoreMiner\bitcoinCoreMiner.csproj", "{EC15659F-761C-4221-B237-17099EFB3C71}"
EndProject
Global
	GlobalSection(SolutionConfigurationPlatforms) = preSolution
		Debug|Any CPU = Debug|Any CPU
		Release|Any CPU = Release|Any CPU
	EndGlobalSection
	GlobalSection(ProjectConfigurationPlatforms) = postSolution
		{EC15659F-761C-4221-B237-17099EFB3C71}.Debug|Any CPU.ActiveCfg = Debug|Any CPU
		{EC15659F-761C-4221-B237-17099EFB3C71}.Debug|Any CPU.Build.0 = Debug|Any CPU
		{EC15659F-761C-4221-B237-17099EFB3C71}.Release|Any CPU.ActiveCfg = Release|Any CPU
		{EC15659F-761C-4221-B237-17099EFB3C71}.Release|Any CPU.Build.0 = Release|Any CPU
	EndGlobalSection
	GlobalSection(SolutionProperties) = preSolution
		HideSolutionNode = FALSE
	EndGlobalSection
	GlobalSection(ExtensibilityGlobals) = postSolution
		SolutionGuid = {5BECCC70-BFC3-4137-8AA3-61B08266E858}
	EndGlobalSection
EndGlobal
