
Microsoft Visual Studio Solution File, Format Version 12.00
# Visual Studio Version 17
VisualStudioVersion = 17.1.32104.313
MinimumVisualStudioVersion = 10.0.40219.1
Project("{FAE04EC0-301F-11D3-BF4B-00C04F79EFBC}") = "pri", "pri\pri.csproj", "{66BD521F-C566-485C-8358-4ED1DF45EAA1}"
EndProject
Project("{FAE04EC0-301F-11D3-BF4B-00C04F79EFBC}") = "BigIntegersCalculator", "BigIntegersCalculator\BigIntegersCalculator.csproj", "{2342E5A9-2B7B-408A-9EAA-081BBB076332}"
EndProject
Project("{FAE04EC0-301F-11D3-BF4B-00C04F79EFBC}") = "priConsola", "priConsola\priConsola.csproj", "{188AF121-41ED-4D65-B175-0CD608EBB3F3}"
EndProject
Project("{FAE04EC0-301F-11D3-BF4B-00C04F79EFBC}") = "TXT Great Files", "TXT Great Files\TXT Great Files.csproj", "{871CE786-6CF6-49D2-8DFB-416FCF946D3D}"
EndProject
Project("{9A19103F-16F7-4668-BE54-9A1E7A4F7556}") = "PrimesDispacher", "PrimesDispacher\PrimesDispacher.csproj", "{6250F1E0-D4E7-475B-B916-2B2B4E31FC97}"
EndProject
Project("{FAE04EC0-301F-11D3-BF4B-00C04F79EFBC}") = "PrimesNumbersSearch", "PrimesNumbersSearch\PrimesNumbersSearch.csproj", "{965A7AFE-AD3C-4B7F-B86B-32CA20D3F78C}"
EndProject
Project("{9A19103F-16F7-4668-BE54-9A1E7A4F7556}") = "PrimesNumbersSearchWeb", "PrimesNumbersSearchWeb\PrimesNumbersSearchWeb.csproj", "{882D4A7C-E468-4547-9588-31719C0EC782}"
EndProject
Project("{FAE04EC0-301F-11D3-BF4B-00C04F79EFBC}") = "comp", "comp\comp.csproj", "{8C1F2501-1F75-46B4-8306-DA0A416B3A47}"
EndProject
Project("{FAE04EC0-301F-11D3-BF4B-00C04F79EFBC}") = "decomp", "decomp\decomp.csproj", "{4BE86157-720E-46D7-BCFD-31FB5D7C4C6A}"
EndProject
Project("{FAE04EC0-301F-11D3-BF4B-00C04F79EFBC}") = "apzyxCompressor", "apzyxCompressor\apzyxCompressor.csproj", "{7C5E91CB-F0B5-4E7B-9829-D5E4C96F591D}"
EndProject
Project("{FAE04EC0-301F-11D3-BF4B-00C04F79EFBC}") = "apzyxDecompressor", "apzyxDecompressor\apzyxDecompressor.csproj", "{914979C2-81EA-4EAC-AB07-5CC7D5729635}"
EndProject
Project("{FAE04EC0-301F-11D3-BF4B-00C04F79EFBC}") = "WIP", "WIP\WIP.csproj", "{7AD0F489-C64B-4441-A7C3-D2462A2C0C7A}"
EndProject
Project("{FAE04EC0-301F-11D3-BF4B-00C04F79EFBC}") = "BpC_Compresor", "BpC_Compresor\BpC_Compresor.csproj", "{7F0D599F-137E-40E7-BC09-D322109262AE}"
EndProject
Project("{FAE04EC0-301F-11D3-BF4B-00C04F79EFBC}") = "BpD_Compresor", "BpD_Compresor\BpD_Compresor.csproj", "{62F82072-76D1-4224-8CCB-347F9D52859D}"
EndProject
Project("{FAE04EC0-301F-11D3-BF4B-00C04F79EFBC}") = "TRXcomp", "TRXcomp\TRXcomp.csproj", "{912D3B2C-0B00-402B-B5CC-E2D5A028B287}"
EndProject
Global
	GlobalSection(SolutionConfigurationPlatforms) = preSolution
		Debug|Any CPU = Debug|Any CPU
		Debug|ARM = Debug|ARM
		Debug|ARM64 = Debug|ARM64
		Debug|x64 = Debug|x64
		Debug|x86 = Debug|x86
		Release|Any CPU = Release|Any CPU
		Release|ARM = Release|ARM
		Release|ARM64 = Release|ARM64
		Release|x64 = Release|x64
		Release|x86 = Release|x86
	EndGlobalSection
	GlobalSection(ProjectConfigurationPlatforms) = postSolution
		{66BD521F-C566-485C-8358-4ED1DF45EAA1}.Debug|Any CPU.ActiveCfg = Debug|Any CPU
		{66BD521F-C566-485C-8358-4ED1DF45EAA1}.Debug|Any CPU.Build.0 = Debug|Any CPU
		{66BD521F-C566-485C-8358-4ED1DF45EAA1}.Debug|ARM.ActiveCfg = Debug|Any CPU
		{66BD521F-C566-485C-8358-4ED1DF45EAA1}.Debug|ARM.Build.0 = Debug|Any CPU
		{66BD521F-C566-485C-8358-4ED1DF45EAA1}.Debug|ARM64.ActiveCfg = Debug|Any CPU
		{66BD521F-C566-485C-8358-4ED1DF45EAA1}.Debug|ARM64.Build.0 = Debug|Any CPU
		{66BD521F-C566-485C-8358-4ED1DF45EAA1}.Debug|x64.ActiveCfg = Debug|Any CPU
		{66BD521F-C566-485C-8358-4ED1DF45EAA1}.Debug|x64.Build.0 = Debug|Any CPU
		{66BD521F-C566-485C-8358-4ED1DF45EAA1}.Debug|x86.ActiveCfg = Debug|Any CPU
		{66BD521F-C566-485C-8358-4ED1DF45EAA1}.Debug|x86.Build.0 = Debug|Any CPU
		{66BD521F-C566-485C-8358-4ED1DF45EAA1}.Release|Any CPU.ActiveCfg = Release|Any CPU
		{66BD521F-C566-485C-8358-4ED1DF45EAA1}.Release|Any CPU.Build.0 = Release|Any CPU
		{66BD521F-C566-485C-8358-4ED1DF45EAA1}.Release|ARM.ActiveCfg = Release|Any CPU
		{66BD521F-C566-485C-8358-4ED1DF45EAA1}.Release|ARM.Build.0 = Release|Any CPU
		{66BD521F-C566-485C-8358-4ED1DF45EAA1}.Release|ARM64.ActiveCfg = Release|Any CPU
		{66BD521F-C566-485C-8358-4ED1DF45EAA1}.Release|ARM64.Build.0 = Release|Any CPU
		{66BD521F-C566-485C-8358-4ED1DF45EAA1}.Release|x64.ActiveCfg = Release|Any CPU
		{66BD521F-C566-485C-8358-4ED1DF45EAA1}.Release|x64.Build.0 = Release|Any CPU
		{66BD521F-C566-485C-8358-4ED1DF45EAA1}.Release|x86.ActiveCfg = Release|Any CPU
		{66BD521F-C566-485C-8358-4ED1DF45EAA1}.Release|x86.Build.0 = Release|Any CPU
		{2342E5A9-2B7B-408A-9EAA-081BBB076332}.Debug|Any CPU.ActiveCfg = Debug|x86
		{2342E5A9-2B7B-408A-9EAA-081BBB076332}.Debug|Any CPU.Build.0 = Debug|x86
		{2342E5A9-2B7B-408A-9EAA-081BBB076332}.Debug|ARM.ActiveCfg = Debug|ARM
		{2342E5A9-2B7B-408A-9EAA-081BBB076332}.Debug|ARM.Build.0 = Debug|ARM
		{2342E5A9-2B7B-408A-9EAA-081BBB076332}.Debug|ARM.Deploy.0 = Debug|ARM
		{2342E5A9-2B7B-408A-9EAA-081BBB076332}.Debug|ARM64.ActiveCfg = Debug|ARM64
		{2342E5A9-2B7B-408A-9EAA-081BBB076332}.Debug|ARM64.Build.0 = Debug|ARM64
		{2342E5A9-2B7B-408A-9EAA-081BBB076332}.Debug|ARM64.Deploy.0 = Debug|ARM64
		{2342E5A9-2B7B-408A-9EAA-081BBB076332}.Debug|x64.ActiveCfg = Debug|x64
		{2342E5A9-2B7B-408A-9EAA-081BBB076332}.Debug|x64.Build.0 = Debug|x64
		{2342E5A9-2B7B-408A-9EAA-081BBB076332}.Debug|x64.Deploy.0 = Debug|x64
		{2342E5A9-2B7B-408A-9EAA-081BBB076332}.Debug|x86.ActiveCfg = Debug|x86
		{2342E5A9-2B7B-408A-9EAA-081BBB076332}.Debug|x86.Build.0 = Debug|x86
		{2342E5A9-2B7B-408A-9EAA-081BBB076332}.Debug|x86.Deploy.0 = Debug|x86
		{2342E5A9-2B7B-408A-9EAA-081BBB076332}.Release|Any CPU.ActiveCfg = Release|x86
		{2342E5A9-2B7B-408A-9EAA-081BBB076332}.Release|ARM.ActiveCfg = Release|ARM
		{2342E5A9-2B7B-408A-9EAA-081BBB076332}.Release|ARM.Build.0 = Release|ARM
		{2342E5A9-2B7B-408A-9EAA-081BBB076332}.Release|ARM.Deploy.0 = Release|ARM
		{2342E5A9-2B7B-408A-9EAA-081BBB076332}.Release|ARM64.ActiveCfg = Release|ARM64
		{2342E5A9-2B7B-408A-9EAA-081BBB076332}.Release|ARM64.Build.0 = Release|ARM64
		{2342E5A9-2B7B-408A-9EAA-081BBB076332}.Release|ARM64.Deploy.0 = Release|ARM64
		{2342E5A9-2B7B-408A-9EAA-081BBB076332}.Release|x64.ActiveCfg = Release|x64
		{2342E5A9-2B7B-408A-9EAA-081BBB076332}.Release|x64.Build.0 = Release|x64
		{2342E5A9-2B7B-408A-9EAA-081BBB076332}.Release|x64.Deploy.0 = Release|x64
		{2342E5A9-2B7B-408A-9EAA-081BBB076332}.Release|x86.ActiveCfg = Release|x86
		{2342E5A9-2B7B-408A-9EAA-081BBB076332}.Release|x86.Build.0 = Release|x86
		{2342E5A9-2B7B-408A-9EAA-081BBB076332}.Release|x86.Deploy.0 = Release|x86
		{188AF121-41ED-4D65-B175-0CD608EBB3F3}.Debug|Any CPU.ActiveCfg = Debug|Any CPU
		{188AF121-41ED-4D65-B175-0CD608EBB3F3}.Debug|Any CPU.Build.0 = Debug|Any CPU
		{188AF121-41ED-4D65-B175-0CD608EBB3F3}.Debug|ARM.ActiveCfg = Debug|Any CPU
		{188AF121-41ED-4D65-B175-0CD608EBB3F3}.Debug|ARM.Build.0 = Debug|Any CPU
		{188AF121-41ED-4D65-B175-0CD608EBB3F3}.Debug|ARM64.ActiveCfg = Debug|Any CPU
		{188AF121-41ED-4D65-B175-0CD608EBB3F3}.Debug|ARM64.Build.0 = Debug|Any CPU
		{188AF121-41ED-4D65-B175-0CD608EBB3F3}.Debug|x64.ActiveCfg = Debug|Any CPU
		{188AF121-41ED-4D65-B175-0CD608EBB3F3}.Debug|x64.Build.0 = Debug|Any CPU
		{188AF121-41ED-4D65-B175-0CD608EBB3F3}.Debug|x86.ActiveCfg = Debug|Any CPU
		{188AF121-41ED-4D65-B175-0CD608EBB3F3}.Debug|x86.Build.0 = Debug|Any CPU
		{188AF121-41ED-4D65-B175-0CD608EBB3F3}.Release|Any CPU.ActiveCfg = Release|Any CPU
		{188AF121-41ED-4D65-B175-0CD608EBB3F3}.Release|Any CPU.Build.0 = Release|Any CPU
		{188AF121-41ED-4D65-B175-0CD608EBB3F3}.Release|ARM.ActiveCfg = Release|Any CPU
		{188AF121-41ED-4D65-B175-0CD608EBB3F3}.Release|ARM.Build.0 = Release|Any CPU
		{188AF121-41ED-4D65-B175-0CD608EBB3F3}.Release|ARM64.ActiveCfg = Release|Any CPU
		{188AF121-41ED-4D65-B175-0CD608EBB3F3}.Release|ARM64.Build.0 = Release|Any CPU
		{188AF121-41ED-4D65-B175-0CD608EBB3F3}.Release|x64.ActiveCfg = Release|Any CPU
		{188AF121-41ED-4D65-B175-0CD608EBB3F3}.Release|x64.Build.0 = Release|Any CPU
		{188AF121-41ED-4D65-B175-0CD608EBB3F3}.Release|x86.ActiveCfg = Release|Any CPU
		{188AF121-41ED-4D65-B175-0CD608EBB3F3}.Release|x86.Build.0 = Release|Any CPU
		{871CE786-6CF6-49D2-8DFB-416FCF946D3D}.Debug|Any CPU.ActiveCfg = Debug|x64
		{871CE786-6CF6-49D2-8DFB-416FCF946D3D}.Debug|Any CPU.Build.0 = Debug|x64
		{871CE786-6CF6-49D2-8DFB-416FCF946D3D}.Debug|Any CPU.Deploy.0 = Debug|x64
		{871CE786-6CF6-49D2-8DFB-416FCF946D3D}.Debug|ARM.ActiveCfg = Debug|ARM
		{871CE786-6CF6-49D2-8DFB-416FCF946D3D}.Debug|ARM.Build.0 = Debug|ARM
		{871CE786-6CF6-49D2-8DFB-416FCF946D3D}.Debug|ARM.Deploy.0 = Debug|ARM
		{871CE786-6CF6-49D2-8DFB-416FCF946D3D}.Debug|ARM64.ActiveCfg = Debug|ARM64
		{871CE786-6CF6-49D2-8DFB-416FCF946D3D}.Debug|ARM64.Build.0 = Debug|ARM64
		{871CE786-6CF6-49D2-8DFB-416FCF946D3D}.Debug|ARM64.Deploy.0 = Debug|ARM64
		{871CE786-6CF6-49D2-8DFB-416FCF946D3D}.Debug|x64.ActiveCfg = Debug|x64
		{871CE786-6CF6-49D2-8DFB-416FCF946D3D}.Debug|x64.Build.0 = Debug|x64
		{871CE786-6CF6-49D2-8DFB-416FCF946D3D}.Debug|x64.Deploy.0 = Debug|x64
		{871CE786-6CF6-49D2-8DFB-416FCF946D3D}.Debug|x86.ActiveCfg = Debug|x86
		{871CE786-6CF6-49D2-8DFB-416FCF946D3D}.Debug|x86.Build.0 = Debug|x86
		{871CE786-6CF6-49D2-8DFB-416FCF946D3D}.Debug|x86.Deploy.0 = Debug|x86
		{871CE786-6CF6-49D2-8DFB-416FCF946D3D}.Release|Any CPU.ActiveCfg = Release|x64
		{871CE786-6CF6-49D2-8DFB-416FCF946D3D}.Release|Any CPU.Build.0 = Release|x64
		{871CE786-6CF6-49D2-8DFB-416FCF946D3D}.Release|Any CPU.Deploy.0 = Release|x64
		{871CE786-6CF6-49D2-8DFB-416FCF946D3D}.Release|ARM.ActiveCfg = Release|ARM
		{871CE786-6CF6-49D2-8DFB-416FCF946D3D}.Release|ARM.Build.0 = Release|ARM
		{871CE786-6CF6-49D2-8DFB-416FCF946D3D}.Release|ARM.Deploy.0 = Release|ARM
		{871CE786-6CF6-49D2-8DFB-416FCF946D3D}.Release|ARM64.ActiveCfg = Release|ARM64
		{871CE786-6CF6-49D2-8DFB-416FCF946D3D}.Release|ARM64.Build.0 = Release|ARM64
		{871CE786-6CF6-49D2-8DFB-416FCF946D3D}.Release|ARM64.Deploy.0 = Release|ARM64
		{871CE786-6CF6-49D2-8DFB-416FCF946D3D}.Release|x64.ActiveCfg = Release|x64
		{871CE786-6CF6-49D2-8DFB-416FCF946D3D}.Release|x64.Build.0 = Release|x64
		{871CE786-6CF6-49D2-8DFB-416FCF946D3D}.Release|x64.Deploy.0 = Release|x64
		{871CE786-6CF6-49D2-8DFB-416FCF946D3D}.Release|x86.ActiveCfg = Release|x86
		{871CE786-6CF6-49D2-8DFB-416FCF946D3D}.Release|x86.Build.0 = Release|x86
		{871CE786-6CF6-49D2-8DFB-416FCF946D3D}.Release|x86.Deploy.0 = Release|x86
		{6250F1E0-D4E7-475B-B916-2B2B4E31FC97}.Debug|Any CPU.ActiveCfg = Debug|Any CPU
		{6250F1E0-D4E7-475B-B916-2B2B4E31FC97}.Debug|Any CPU.Build.0 = Debug|Any CPU
		{6250F1E0-D4E7-475B-B916-2B2B4E31FC97}.Debug|ARM.ActiveCfg = Debug|Any CPU
		{6250F1E0-D4E7-475B-B916-2B2B4E31FC97}.Debug|ARM.Build.0 = Debug|Any CPU
		{6250F1E0-D4E7-475B-B916-2B2B4E31FC97}.Debug|ARM64.ActiveCfg = Debug|Any CPU
		{6250F1E0-D4E7-475B-B916-2B2B4E31FC97}.Debug|ARM64.Build.0 = Debug|Any CPU
		{6250F1E0-D4E7-475B-B916-2B2B4E31FC97}.Debug|x64.ActiveCfg = Debug|Any CPU
		{6250F1E0-D4E7-475B-B916-2B2B4E31FC97}.Debug|x64.Build.0 = Debug|Any CPU
		{6250F1E0-D4E7-475B-B916-2B2B4E31FC97}.Debug|x86.ActiveCfg = Debug|Any CPU
		{6250F1E0-D4E7-475B-B916-2B2B4E31FC97}.Debug|x86.Build.0 = Debug|Any CPU
		{6250F1E0-D4E7-475B-B916-2B2B4E31FC97}.Release|Any CPU.ActiveCfg = Release|Any CPU
		{6250F1E0-D4E7-475B-B916-2B2B4E31FC97}.Release|Any CPU.Build.0 = Release|Any CPU
		{6250F1E0-D4E7-475B-B916-2B2B4E31FC97}.Release|ARM.ActiveCfg = Release|Any CPU
		{6250F1E0-D4E7-475B-B916-2B2B4E31FC97}.Release|ARM.Build.0 = Release|Any CPU
		{6250F1E0-D4E7-475B-B916-2B2B4E31FC97}.Release|ARM64.ActiveCfg = Release|Any CPU
		{6250F1E0-D4E7-475B-B916-2B2B4E31FC97}.Release|ARM64.Build.0 = Release|Any CPU
		{6250F1E0-D4E7-475B-B916-2B2B4E31FC97}.Release|x64.ActiveCfg = Release|Any CPU
		{6250F1E0-D4E7-475B-B916-2B2B4E31FC97}.Release|x64.Build.0 = Release|Any CPU
		{6250F1E0-D4E7-475B-B916-2B2B4E31FC97}.Release|x86.ActiveCfg = Release|Any CPU
		{6250F1E0-D4E7-475B-B916-2B2B4E31FC97}.Release|x86.Build.0 = Release|Any CPU
		{965A7AFE-AD3C-4B7F-B86B-32CA20D3F78C}.Debug|Any CPU.ActiveCfg = Debug|x64
		{965A7AFE-AD3C-4B7F-B86B-32CA20D3F78C}.Debug|Any CPU.Build.0 = Debug|x64
		{965A7AFE-AD3C-4B7F-B86B-32CA20D3F78C}.Debug|Any CPU.Deploy.0 = Debug|x64
		{965A7AFE-AD3C-4B7F-B86B-32CA20D3F78C}.Debug|ARM.ActiveCfg = Debug|ARM
		{965A7AFE-AD3C-4B7F-B86B-32CA20D3F78C}.Debug|ARM.Build.0 = Debug|ARM
		{965A7AFE-AD3C-4B7F-B86B-32CA20D3F78C}.Debug|ARM.Deploy.0 = Debug|ARM
		{965A7AFE-AD3C-4B7F-B86B-32CA20D3F78C}.Debug|ARM64.ActiveCfg = Debug|ARM64
		{965A7AFE-AD3C-4B7F-B86B-32CA20D3F78C}.Debug|ARM64.Build.0 = Debug|ARM64
		{965A7AFE-AD3C-4B7F-B86B-32CA20D3F78C}.Debug|ARM64.Deploy.0 = Debug|ARM64
		{965A7AFE-AD3C-4B7F-B86B-32CA20D3F78C}.Debug|x64.ActiveCfg = Debug|x64
		{965A7AFE-AD3C-4B7F-B86B-32CA20D3F78C}.Debug|x64.Build.0 = Debug|x64
		{965A7AFE-AD3C-4B7F-B86B-32CA20D3F78C}.Debug|x64.Deploy.0 = Debug|x64
		{965A7AFE-AD3C-4B7F-B86B-32CA20D3F78C}.Debug|x86.ActiveCfg = Debug|x86
		{965A7AFE-AD3C-4B7F-B86B-32CA20D3F78C}.Debug|x86.Build.0 = Debug|x86
		{965A7AFE-AD3C-4B7F-B86B-32CA20D3F78C}.Debug|x86.Deploy.0 = Debug|x86
		{965A7AFE-AD3C-4B7F-B86B-32CA20D3F78C}.Release|Any CPU.ActiveCfg = Release|x64
		{965A7AFE-AD3C-4B7F-B86B-32CA20D3F78C}.Release|Any CPU.Build.0 = Release|x64
		{965A7AFE-AD3C-4B7F-B86B-32CA20D3F78C}.Release|Any CPU.Deploy.0 = Release|x64
		{965A7AFE-AD3C-4B7F-B86B-32CA20D3F78C}.Release|ARM.ActiveCfg = Release|ARM
		{965A7AFE-AD3C-4B7F-B86B-32CA20D3F78C}.Release|ARM.Build.0 = Release|ARM
		{965A7AFE-AD3C-4B7F-B86B-32CA20D3F78C}.Release|ARM.Deploy.0 = Release|ARM
		{965A7AFE-AD3C-4B7F-B86B-32CA20D3F78C}.Release|ARM64.ActiveCfg = Release|ARM64
		{965A7AFE-AD3C-4B7F-B86B-32CA20D3F78C}.Release|ARM64.Build.0 = Release|ARM64
		{965A7AFE-AD3C-4B7F-B86B-32CA20D3F78C}.Release|ARM64.Deploy.0 = Release|ARM64
		{965A7AFE-AD3C-4B7F-B86B-32CA20D3F78C}.Release|x64.ActiveCfg = Release|x64
		{965A7AFE-AD3C-4B7F-B86B-32CA20D3F78C}.Release|x64.Build.0 = Release|x64
		{965A7AFE-AD3C-4B7F-B86B-32CA20D3F78C}.Release|x64.Deploy.0 = Release|x64
		{965A7AFE-AD3C-4B7F-B86B-32CA20D3F78C}.Release|x86.ActiveCfg = Release|x86
		{965A7AFE-AD3C-4B7F-B86B-32CA20D3F78C}.Release|x86.Build.0 = Release|x86
		{965A7AFE-AD3C-4B7F-B86B-32CA20D3F78C}.Release|x86.Deploy.0 = Release|x86
		{882D4A7C-E468-4547-9588-31719C0EC782}.Debug|Any CPU.ActiveCfg = Debug|Any CPU
		{882D4A7C-E468-4547-9588-31719C0EC782}.Debug|Any CPU.Build.0 = Debug|Any CPU
		{882D4A7C-E468-4547-9588-31719C0EC782}.Debug|ARM.ActiveCfg = Debug|Any CPU
		{882D4A7C-E468-4547-9588-31719C0EC782}.Debug|ARM.Build.0 = Debug|Any CPU
		{882D4A7C-E468-4547-9588-31719C0EC782}.Debug|ARM64.ActiveCfg = Debug|Any CPU
		{882D4A7C-E468-4547-9588-31719C0EC782}.Debug|ARM64.Build.0 = Debug|Any CPU
		{882D4A7C-E468-4547-9588-31719C0EC782}.Debug|x64.ActiveCfg = Debug|Any CPU
		{882D4A7C-E468-4547-9588-31719C0EC782}.Debug|x64.Build.0 = Debug|Any CPU
		{882D4A7C-E468-4547-9588-31719C0EC782}.Debug|x86.ActiveCfg = Debug|Any CPU
		{882D4A7C-E468-4547-9588-31719C0EC782}.Debug|x86.Build.0 = Debug|Any CPU
		{882D4A7C-E468-4547-9588-31719C0EC782}.Release|Any CPU.ActiveCfg = Release|Any CPU
		{882D4A7C-E468-4547-9588-31719C0EC782}.Release|Any CPU.Build.0 = Release|Any CPU
		{882D4A7C-E468-4547-9588-31719C0EC782}.Release|ARM.ActiveCfg = Release|Any CPU
		{882D4A7C-E468-4547-9588-31719C0EC782}.Release|ARM.Build.0 = Release|Any CPU
		{882D4A7C-E468-4547-9588-31719C0EC782}.Release|ARM64.ActiveCfg = Release|Any CPU
		{882D4A7C-E468-4547-9588-31719C0EC782}.Release|ARM64.Build.0 = Release|Any CPU
		{882D4A7C-E468-4547-9588-31719C0EC782}.Release|x64.ActiveCfg = Release|Any CPU
		{882D4A7C-E468-4547-9588-31719C0EC782}.Release|x64.Build.0 = Release|Any CPU
		{882D4A7C-E468-4547-9588-31719C0EC782}.Release|x86.ActiveCfg = Release|Any CPU
		{882D4A7C-E468-4547-9588-31719C0EC782}.Release|x86.Build.0 = Release|Any CPU
		{8C1F2501-1F75-46B4-8306-DA0A416B3A47}.Debug|Any CPU.ActiveCfg = Debug|Any CPU
		{8C1F2501-1F75-46B4-8306-DA0A416B3A47}.Debug|Any CPU.Build.0 = Debug|Any CPU
		{8C1F2501-1F75-46B4-8306-DA0A416B3A47}.Debug|ARM.ActiveCfg = Debug|Any CPU
		{8C1F2501-1F75-46B4-8306-DA0A416B3A47}.Debug|ARM.Build.0 = Debug|Any CPU
		{8C1F2501-1F75-46B4-8306-DA0A416B3A47}.Debug|ARM64.ActiveCfg = Debug|Any CPU
		{8C1F2501-1F75-46B4-8306-DA0A416B3A47}.Debug|ARM64.Build.0 = Debug|Any CPU
		{8C1F2501-1F75-46B4-8306-DA0A416B3A47}.Debug|x64.ActiveCfg = Debug|Any CPU
		{8C1F2501-1F75-46B4-8306-DA0A416B3A47}.Debug|x64.Build.0 = Debug|Any CPU
		{8C1F2501-1F75-46B4-8306-DA0A416B3A47}.Debug|x86.ActiveCfg = Debug|Any CPU
		{8C1F2501-1F75-46B4-8306-DA0A416B3A47}.Debug|x86.Build.0 = Debug|Any CPU
		{8C1F2501-1F75-46B4-8306-DA0A416B3A47}.Release|Any CPU.ActiveCfg = Release|Any CPU
		{8C1F2501-1F75-46B4-8306-DA0A416B3A47}.Release|Any CPU.Build.0 = Release|Any CPU
		{8C1F2501-1F75-46B4-8306-DA0A416B3A47}.Release|ARM.ActiveCfg = Release|Any CPU
		{8C1F2501-1F75-46B4-8306-DA0A416B3A47}.Release|ARM.Build.0 = Release|Any CPU
		{8C1F2501-1F75-46B4-8306-DA0A416B3A47}.Release|ARM64.ActiveCfg = Release|Any CPU
		{8C1F2501-1F75-46B4-8306-DA0A416B3A47}.Release|ARM64.Build.0 = Release|Any CPU
		{8C1F2501-1F75-46B4-8306-DA0A416B3A47}.Release|x64.ActiveCfg = Release|Any CPU
		{8C1F2501-1F75-46B4-8306-DA0A416B3A47}.Release|x64.Build.0 = Release|Any CPU
		{8C1F2501-1F75-46B4-8306-DA0A416B3A47}.Release|x86.ActiveCfg = Release|Any CPU
		{8C1F2501-1F75-46B4-8306-DA0A416B3A47}.Release|x86.Build.0 = Release|Any CPU
		{4BE86157-720E-46D7-BCFD-31FB5D7C4C6A}.Debug|Any CPU.ActiveCfg = Debug|Any CPU
		{4BE86157-720E-46D7-BCFD-31FB5D7C4C6A}.Debug|Any CPU.Build.0 = Debug|Any CPU
		{4BE86157-720E-46D7-BCFD-31FB5D7C4C6A}.Debug|ARM.ActiveCfg = Debug|Any CPU
		{4BE86157-720E-46D7-BCFD-31FB5D7C4C6A}.Debug|ARM.Build.0 = Debug|Any CPU
		{4BE86157-720E-46D7-BCFD-31FB5D7C4C6A}.Debug|ARM64.ActiveCfg = Debug|Any CPU
		{4BE86157-720E-46D7-BCFD-31FB5D7C4C6A}.Debug|ARM64.Build.0 = Debug|Any CPU
		{4BE86157-720E-46D7-BCFD-31FB5D7C4C6A}.Debug|x64.ActiveCfg = Debug|Any CPU
		{4BE86157-720E-46D7-BCFD-31FB5D7C4C6A}.Debug|x64.Build.0 = Debug|Any CPU
		{4BE86157-720E-46D7-BCFD-31FB5D7C4C6A}.Debug|x86.ActiveCfg = Debug|Any CPU
		{4BE86157-720E-46D7-BCFD-31FB5D7C4C6A}.Debug|x86.Build.0 = Debug|Any CPU
		{4BE86157-720E-46D7-BCFD-31FB5D7C4C6A}.Release|Any CPU.ActiveCfg = Release|Any CPU
		{4BE86157-720E-46D7-BCFD-31FB5D7C4C6A}.Release|Any CPU.Build.0 = Release|Any CPU
		{4BE86157-720E-46D7-BCFD-31FB5D7C4C6A}.Release|ARM.ActiveCfg = Release|Any CPU
		{4BE86157-720E-46D7-BCFD-31FB5D7C4C6A}.Release|ARM.Build.0 = Release|Any CPU
		{4BE86157-720E-46D7-BCFD-31FB5D7C4C6A}.Release|ARM64.ActiveCfg = Release|Any CPU
		{4BE86157-720E-46D7-BCFD-31FB5D7C4C6A}.Release|ARM64.Build.0 = Release|Any CPU
		{4BE86157-720E-46D7-BCFD-31FB5D7C4C6A}.Release|x64.ActiveCfg = Release|Any CPU
		{4BE86157-720E-46D7-BCFD-31FB5D7C4C6A}.Release|x64.Build.0 = Release|Any CPU
		{4BE86157-720E-46D7-BCFD-31FB5D7C4C6A}.Release|x86.ActiveCfg = Release|Any CPU
		{4BE86157-720E-46D7-BCFD-31FB5D7C4C6A}.Release|x86.Build.0 = Release|Any CPU
		{7C5E91CB-F0B5-4E7B-9829-D5E4C96F591D}.Debug|Any CPU.ActiveCfg = Debug|Any CPU
		{7C5E91CB-F0B5-4E7B-9829-D5E4C96F591D}.Debug|Any CPU.Build.0 = Debug|Any CPU
		{7C5E91CB-F0B5-4E7B-9829-D5E4C96F591D}.Debug|ARM.ActiveCfg = Debug|Any CPU
		{7C5E91CB-F0B5-4E7B-9829-D5E4C96F591D}.Debug|ARM.Build.0 = Debug|Any CPU
		{7C5E91CB-F0B5-4E7B-9829-D5E4C96F591D}.Debug|ARM64.ActiveCfg = Debug|Any CPU
		{7C5E91CB-F0B5-4E7B-9829-D5E4C96F591D}.Debug|ARM64.Build.0 = Debug|Any CPU
		{7C5E91CB-F0B5-4E7B-9829-D5E4C96F591D}.Debug|x64.ActiveCfg = Debug|Any CPU
		{7C5E91CB-F0B5-4E7B-9829-D5E4C96F591D}.Debug|x64.Build.0 = Debug|Any CPU
		{7C5E91CB-F0B5-4E7B-9829-D5E4C96F591D}.Debug|x86.ActiveCfg = Debug|Any CPU
		{7C5E91CB-F0B5-4E7B-9829-D5E4C96F591D}.Debug|x86.Build.0 = Debug|Any CPU
		{7C5E91CB-F0B5-4E7B-9829-D5E4C96F591D}.Release|Any CPU.ActiveCfg = Release|Any CPU
		{7C5E91CB-F0B5-4E7B-9829-D5E4C96F591D}.Release|Any CPU.Build.0 = Release|Any CPU
		{7C5E91CB-F0B5-4E7B-9829-D5E4C96F591D}.Release|ARM.ActiveCfg = Release|Any CPU
		{7C5E91CB-F0B5-4E7B-9829-D5E4C96F591D}.Release|ARM.Build.0 = Release|Any CPU
		{7C5E91CB-F0B5-4E7B-9829-D5E4C96F591D}.Release|ARM64.ActiveCfg = Release|Any CPU
		{7C5E91CB-F0B5-4E7B-9829-D5E4C96F591D}.Release|ARM64.Build.0 = Release|Any CPU
		{7C5E91CB-F0B5-4E7B-9829-D5E4C96F591D}.Release|x64.ActiveCfg = Release|Any CPU
		{7C5E91CB-F0B5-4E7B-9829-D5E4C96F591D}.Release|x64.Build.0 = Release|Any CPU
		{7C5E91CB-F0B5-4E7B-9829-D5E4C96F591D}.Release|x86.ActiveCfg = Release|Any CPU
		{7C5E91CB-F0B5-4E7B-9829-D5E4C96F591D}.Release|x86.Build.0 = Release|Any CPU
		{914979C2-81EA-4EAC-AB07-5CC7D5729635}.Debug|Any CPU.ActiveCfg = Debug|Any CPU
		{914979C2-81EA-4EAC-AB07-5CC7D5729635}.Debug|Any CPU.Build.0 = Debug|Any CPU
		{914979C2-81EA-4EAC-AB07-5CC7D5729635}.Debug|ARM.ActiveCfg = Debug|Any CPU
		{914979C2-81EA-4EAC-AB07-5CC7D5729635}.Debug|ARM.Build.0 = Debug|Any CPU
		{914979C2-81EA-4EAC-AB07-5CC7D5729635}.Debug|ARM64.ActiveCfg = Debug|Any CPU
		{914979C2-81EA-4EAC-AB07-5CC7D5729635}.Debug|ARM64.Build.0 = Debug|Any CPU
		{914979C2-81EA-4EAC-AB07-5CC7D5729635}.Debug|x64.ActiveCfg = Debug|Any CPU
		{914979C2-81EA-4EAC-AB07-5CC7D5729635}.Debug|x64.Build.0 = Debug|Any CPU
		{914979C2-81EA-4EAC-AB07-5CC7D5729635}.Debug|x86.ActiveCfg = Debug|Any CPU
		{914979C2-81EA-4EAC-AB07-5CC7D5729635}.Debug|x86.Build.0 = Debug|Any CPU
		{914979C2-81EA-4EAC-AB07-5CC7D5729635}.Release|Any CPU.ActiveCfg = Release|Any CPU
		{914979C2-81EA-4EAC-AB07-5CC7D5729635}.Release|Any CPU.Build.0 = Release|Any CPU
		{914979C2-81EA-4EAC-AB07-5CC7D5729635}.Release|ARM.ActiveCfg = Release|Any CPU
		{914979C2-81EA-4EAC-AB07-5CC7D5729635}.Release|ARM.Build.0 = Release|Any CPU
		{914979C2-81EA-4EAC-AB07-5CC7D5729635}.Release|ARM64.ActiveCfg = Release|Any CPU
		{914979C2-81EA-4EAC-AB07-5CC7D5729635}.Release|ARM64.Build.0 = Release|Any CPU
		{914979C2-81EA-4EAC-AB07-5CC7D5729635}.Release|x64.ActiveCfg = Release|Any CPU
		{914979C2-81EA-4EAC-AB07-5CC7D5729635}.Release|x64.Build.0 = Release|Any CPU
		{914979C2-81EA-4EAC-AB07-5CC7D5729635}.Release|x86.ActiveCfg = Release|Any CPU
		{914979C2-81EA-4EAC-AB07-5CC7D5729635}.Release|x86.Build.0 = Release|Any CPU
		{7AD0F489-C64B-4441-A7C3-D2462A2C0C7A}.Debug|Any CPU.ActiveCfg = Debug|Any CPU
		{7AD0F489-C64B-4441-A7C3-D2462A2C0C7A}.Debug|Any CPU.Build.0 = Debug|Any CPU
		{7AD0F489-C64B-4441-A7C3-D2462A2C0C7A}.Debug|ARM.ActiveCfg = Debug|Any CPU
		{7AD0F489-C64B-4441-A7C3-D2462A2C0C7A}.Debug|ARM.Build.0 = Debug|Any CPU
		{7AD0F489-C64B-4441-A7C3-D2462A2C0C7A}.Debug|ARM64.ActiveCfg = Debug|Any CPU
		{7AD0F489-C64B-4441-A7C3-D2462A2C0C7A}.Debug|ARM64.Build.0 = Debug|Any CPU
		{7AD0F489-C64B-4441-A7C3-D2462A2C0C7A}.Debug|x64.ActiveCfg = Debug|Any CPU
		{7AD0F489-C64B-4441-A7C3-D2462A2C0C7A}.Debug|x64.Build.0 = Debug|Any CPU
		{7AD0F489-C64B-4441-A7C3-D2462A2C0C7A}.Debug|x86.ActiveCfg = Debug|Any CPU
		{7AD0F489-C64B-4441-A7C3-D2462A2C0C7A}.Debug|x86.Build.0 = Debug|Any CPU
		{7AD0F489-C64B-4441-A7C3-D2462A2C0C7A}.Release|Any CPU.ActiveCfg = Release|Any CPU
		{7AD0F489-C64B-4441-A7C3-D2462A2C0C7A}.Release|Any CPU.Build.0 = Release|Any CPU
		{7AD0F489-C64B-4441-A7C3-D2462A2C0C7A}.Release|ARM.ActiveCfg = Release|Any CPU
		{7AD0F489-C64B-4441-A7C3-D2462A2C0C7A}.Release|ARM.Build.0 = Release|Any CPU
		{7AD0F489-C64B-4441-A7C3-D2462A2C0C7A}.Release|ARM64.ActiveCfg = Release|Any CPU
		{7AD0F489-C64B-4441-A7C3-D2462A2C0C7A}.Release|ARM64.Build.0 = Release|Any CPU
		{7AD0F489-C64B-4441-A7C3-D2462A2C0C7A}.Release|x64.ActiveCfg = Release|Any CPU
		{7AD0F489-C64B-4441-A7C3-D2462A2C0C7A}.Release|x64.Build.0 = Release|Any CPU
		{7AD0F489-C64B-4441-A7C3-D2462A2C0C7A}.Release|x86.ActiveCfg = Release|Any CPU
		{7AD0F489-C64B-4441-A7C3-D2462A2C0C7A}.Release|x86.Build.0 = Release|Any CPU
		{7F0D599F-137E-40E7-BC09-D322109262AE}.Debug|Any CPU.ActiveCfg = Debug|Any CPU
		{7F0D599F-137E-40E7-BC09-D322109262AE}.Debug|Any CPU.Build.0 = Debug|Any CPU
		{7F0D599F-137E-40E7-BC09-D322109262AE}.Debug|ARM.ActiveCfg = Debug|Any CPU
		{7F0D599F-137E-40E7-BC09-D322109262AE}.Debug|ARM.Build.0 = Debug|Any CPU
		{7F0D599F-137E-40E7-BC09-D322109262AE}.Debug|ARM64.ActiveCfg = Debug|Any CPU
		{7F0D599F-137E-40E7-BC09-D322109262AE}.Debug|ARM64.Build.0 = Debug|Any CPU
		{7F0D599F-137E-40E7-BC09-D322109262AE}.Debug|x64.ActiveCfg = Debug|Any CPU
		{7F0D599F-137E-40E7-BC09-D322109262AE}.Debug|x64.Build.0 = Debug|Any CPU
		{7F0D599F-137E-40E7-BC09-D322109262AE}.Debug|x86.ActiveCfg = Debug|Any CPU
		{7F0D599F-137E-40E7-BC09-D322109262AE}.Debug|x86.Build.0 = Debug|Any CPU
		{7F0D599F-137E-40E7-BC09-D322109262AE}.Release|Any CPU.ActiveCfg = Release|Any CPU
		{7F0D599F-137E-40E7-BC09-D322109262AE}.Release|Any CPU.Build.0 = Release|Any CPU
		{7F0D599F-137E-40E7-BC09-D322109262AE}.Release|ARM.ActiveCfg = Release|Any CPU
		{7F0D599F-137E-40E7-BC09-D322109262AE}.Release|ARM.Build.0 = Release|Any CPU
		{7F0D599F-137E-40E7-BC09-D322109262AE}.Release|ARM64.ActiveCfg = Release|Any CPU
		{7F0D599F-137E-40E7-BC09-D322109262AE}.Release|ARM64.Build.0 = Release|Any CPU
		{7F0D599F-137E-40E7-BC09-D322109262AE}.Release|x64.ActiveCfg = Release|Any CPU
		{7F0D599F-137E-40E7-BC09-D322109262AE}.Release|x64.Build.0 = Release|Any CPU
		{7F0D599F-137E-40E7-BC09-D322109262AE}.Release|x86.ActiveCfg = Release|Any CPU
		{7F0D599F-137E-40E7-BC09-D322109262AE}.Release|x86.Build.0 = Release|Any CPU
		{62F82072-76D1-4224-8CCB-347F9D52859D}.Debug|Any CPU.ActiveCfg = Debug|Any CPU
		{62F82072-76D1-4224-8CCB-347F9D52859D}.Debug|Any CPU.Build.0 = Debug|Any CPU
		{62F82072-76D1-4224-8CCB-347F9D52859D}.Debug|ARM.ActiveCfg = Debug|Any CPU
		{62F82072-76D1-4224-8CCB-347F9D52859D}.Debug|ARM.Build.0 = Debug|Any CPU
		{62F82072-76D1-4224-8CCB-347F9D52859D}.Debug|ARM64.ActiveCfg = Debug|Any CPU
		{62F82072-76D1-4224-8CCB-347F9D52859D}.Debug|ARM64.Build.0 = Debug|Any CPU
		{62F82072-76D1-4224-8CCB-347F9D52859D}.Debug|x64.ActiveCfg = Debug|Any CPU
		{62F82072-76D1-4224-8CCB-347F9D52859D}.Debug|x64.Build.0 = Debug|Any CPU
		{62F82072-76D1-4224-8CCB-347F9D52859D}.Debug|x86.ActiveCfg = Debug|Any CPU
		{62F82072-76D1-4224-8CCB-347F9D52859D}.Debug|x86.Build.0 = Debug|Any CPU
		{62F82072-76D1-4224-8CCB-347F9D52859D}.Release|Any CPU.ActiveCfg = Release|Any CPU
		{62F82072-76D1-4224-8CCB-347F9D52859D}.Release|Any CPU.Build.0 = Release|Any CPU
		{62F82072-76D1-4224-8CCB-347F9D52859D}.Release|ARM.ActiveCfg = Release|Any CPU
		{62F82072-76D1-4224-8CCB-347F9D52859D}.Release|ARM.Build.0 = Release|Any CPU
		{62F82072-76D1-4224-8CCB-347F9D52859D}.Release|ARM64.ActiveCfg = Release|Any CPU
		{62F82072-76D1-4224-8CCB-347F9D52859D}.Release|ARM64.Build.0 = Release|Any CPU
		{62F82072-76D1-4224-8CCB-347F9D52859D}.Release|x64.ActiveCfg = Release|Any CPU
		{62F82072-76D1-4224-8CCB-347F9D52859D}.Release|x64.Build.0 = Release|Any CPU
		{62F82072-76D1-4224-8CCB-347F9D52859D}.Release|x86.ActiveCfg = Release|Any CPU
		{62F82072-76D1-4224-8CCB-347F9D52859D}.Release|x86.Build.0 = Release|Any CPU
		{912D3B2C-0B00-402B-B5CC-E2D5A028B287}.Debug|Any CPU.ActiveCfg = Debug|Any CPU
		{912D3B2C-0B00-402B-B5CC-E2D5A028B287}.Debug|Any CPU.Build.0 = Debug|Any CPU
		{912D3B2C-0B00-402B-B5CC-E2D5A028B287}.Debug|ARM.ActiveCfg = Debug|Any CPU
		{912D3B2C-0B00-402B-B5CC-E2D5A028B287}.Debug|ARM.Build.0 = Debug|Any CPU
		{912D3B2C-0B00-402B-B5CC-E2D5A028B287}.Debug|ARM64.ActiveCfg = Debug|Any CPU
		{912D3B2C-0B00-402B-B5CC-E2D5A028B287}.Debug|ARM64.Build.0 = Debug|Any CPU
		{912D3B2C-0B00-402B-B5CC-E2D5A028B287}.Debug|x64.ActiveCfg = Debug|Any CPU
		{912D3B2C-0B00-402B-B5CC-E2D5A028B287}.Debug|x64.Build.0 = Debug|Any CPU
		{912D3B2C-0B00-402B-B5CC-E2D5A028B287}.Debug|x86.ActiveCfg = Debug|Any CPU
		{912D3B2C-0B00-402B-B5CC-E2D5A028B287}.Debug|x86.Build.0 = Debug|Any CPU
		{912D3B2C-0B00-402B-B5CC-E2D5A028B287}.Release|Any CPU.ActiveCfg = Release|Any CPU
		{912D3B2C-0B00-402B-B5CC-E2D5A028B287}.Release|Any CPU.Build.0 = Release|Any CPU
		{912D3B2C-0B00-402B-B5CC-E2D5A028B287}.Release|ARM.ActiveCfg = Release|Any CPU
		{912D3B2C-0B00-402B-B5CC-E2D5A028B287}.Release|ARM.Build.0 = Release|Any CPU
		{912D3B2C-0B00-402B-B5CC-E2D5A028B287}.Release|ARM64.ActiveCfg = Release|Any CPU
		{912D3B2C-0B00-402B-B5CC-E2D5A028B287}.Release|ARM64.Build.0 = Release|Any CPU
		{912D3B2C-0B00-402B-B5CC-E2D5A028B287}.Release|x64.ActiveCfg = Release|Any CPU
		{912D3B2C-0B00-402B-B5CC-E2D5A028B287}.Release|x64.Build.0 = Release|Any CPU
		{912D3B2C-0B00-402B-B5CC-E2D5A028B287}.Release|x86.ActiveCfg = Release|Any CPU
		{912D3B2C-0B00-402B-B5CC-E2D5A028B287}.Release|x86.Build.0 = Release|Any CPU
	EndGlobalSection
	GlobalSection(SolutionProperties) = preSolution
		HideSolutionNode = FALSE
	EndGlobalSection
	GlobalSection(ExtensibilityGlobals) = postSolution
		SolutionGuid = {4D6103C8-F2B3-42FD-974A-46423BF8992E}
	EndGlobalSection
EndGlobal
