
Microsoft Visual Studio Solution File, Format Version 12.00
# Visual Studio Version 17
VisualStudioVersion = 17.1.31911.260
MinimumVisualStudioVersion = 10.0.40219.1
Project("{FAE04EC0-301F-11D3-BF4B-00C04F79EFBC}") = "Golden Way", "Golden Way\Golden Way.csproj", "{95DDBE8E-ACD7-48E1-975C-187B618F2E87}"
EndProject
Project("{FAE04EC0-301F-11D3-BF4B-00C04F79EFBC}") = "GWService", "GWService\GWService.csproj", "{E6AF2F00-8D72-43D3-9249-A4892C427805}"
EndProject
Project("{9A19103F-16F7-4668-BE54-9A1E7A4F7556}") = "TokensWay", "TokensWay\TokensWay.csproj", "{743061B6-9A44-4659-967F-674AB4FF335A}"
EndProject
Project("{FAE04EC0-301F-11D3-BF4B-00C04F79EFBC}") = "probaturas", "probaturas\probaturas.csproj", "{537F9E39-CDA1-4E4A-9BAE-80C325424114}"
EndProject
Global
	GlobalSection(SolutionConfigurationPlatforms) = preSolution
		Debug|Any CPU = Debug|Any CPU
		Debug|ARM = Debug|ARM
		Debug|ARM64 = Debug|ARM64
		Debug|x64 = Debug|x64
		Debug|x86 = Debug|x86
		Release|Any CPU = Release|Any CPU
		Release|ARM = Release|ARM
		Release|ARM64 = Release|ARM64
		Release|x64 = Release|x64
		Release|x86 = Release|x86
	EndGlobalSection
	GlobalSection(ProjectConfigurationPlatforms) = postSolution
		{95DDBE8E-ACD7-48E1-975C-187B618F2E87}.Debug|Any CPU.ActiveCfg = Debug|x64
		{95DDBE8E-ACD7-48E1-975C-187B618F2E87}.Debug|Any CPU.Build.0 = Debug|x64
		{95DDBE8E-ACD7-48E1-975C-187B618F2E87}.Debug|Any CPU.Deploy.0 = Debug|x64
		{95DDBE8E-ACD7-48E1-975C-187B618F2E87}.Debug|ARM.ActiveCfg = Debug|ARM
		{95DDBE8E-ACD7-48E1-975C-187B618F2E87}.Debug|ARM.Build.0 = Debug|ARM
		{95DDBE8E-ACD7-48E1-975C-187B618F2E87}.Debug|ARM.Deploy.0 = Debug|ARM
		{95DDBE8E-ACD7-48E1-975C-187B618F2E87}.Debug|ARM64.ActiveCfg = Debug|ARM64
		{95DDBE8E-ACD7-48E1-975C-187B618F2E87}.Debug|ARM64.Build.0 = Debug|ARM64
		{95DDBE8E-ACD7-48E1-975C-187B618F2E87}.Debug|ARM64.Deploy.0 = Debug|ARM64
		{95DDBE8E-ACD7-48E1-975C-187B618F2E87}.Debug|x64.ActiveCfg = Debug|x64
		{95DDBE8E-ACD7-48E1-975C-187B618F2E87}.Debug|x64.Build.0 = Debug|x64
		{95DDBE8E-ACD7-48E1-975C-187B618F2E87}.Debug|x64.Deploy.0 = Debug|x64
		{95DDBE8E-ACD7-48E1-975C-187B618F2E87}.Debug|x86.ActiveCfg = Debug|x86
		{95DDBE8E-ACD7-48E1-975C-187B618F2E87}.Debug|x86.Build.0 = Debug|x86
		{95DDBE8E-ACD7-48E1-975C-187B618F2E87}.Debug|x86.Deploy.0 = Debug|x86
		{95DDBE8E-ACD7-48E1-975C-187B618F2E87}.Release|Any CPU.ActiveCfg = Release|x64
		{95DDBE8E-ACD7-48E1-975C-187B618F2E87}.Release|Any CPU.Build.0 = Release|x64
		{95DDBE8E-ACD7-48E1-975C-187B618F2E87}.Release|Any CPU.Deploy.0 = Release|x64
		{95DDBE8E-ACD7-48E1-975C-187B618F2E87}.Release|ARM.ActiveCfg = Release|ARM
		{95DDBE8E-ACD7-48E1-975C-187B618F2E87}.Release|ARM.Build.0 = Release|ARM
		{95DDBE8E-ACD7-48E1-975C-187B618F2E87}.Release|ARM.Deploy.0 = Release|ARM
		{95DDBE8E-ACD7-48E1-975C-187B618F2E87}.Release|ARM64.ActiveCfg = Release|ARM64
		{95DDBE8E-ACD7-48E1-975C-187B618F2E87}.Release|ARM64.Build.0 = Release|ARM64
		{95DDBE8E-ACD7-48E1-975C-187B618F2E87}.Release|ARM64.Deploy.0 = Release|ARM64
		{95DDBE8E-ACD7-48E1-975C-187B618F2E87}.Release|x64.ActiveCfg = Release|x64
		{95DDBE8E-ACD7-48E1-975C-187B618F2E87}.Release|x64.Build.0 = Release|x64
		{95DDBE8E-ACD7-48E1-975C-187B618F2E87}.Release|x64.Deploy.0 = Release|x64
		{95DDBE8E-ACD7-48E1-975C-187B618F2E87}.Release|x86.ActiveCfg = Release|x86
		{95DDBE8E-ACD7-48E1-975C-187B618F2E87}.Release|x86.Build.0 = Release|x86
		{95DDBE8E-ACD7-48E1-975C-187B618F2E87}.Release|x86.Deploy.0 = Release|x86
		{E6AF2F00-8D72-43D3-9249-A4892C427805}.Debug|Any CPU.ActiveCfg = Debug|Any CPU
		{E6AF2F00-8D72-43D3-9249-A4892C427805}.Debug|Any CPU.Build.0 = Debug|Any CPU
		{E6AF2F00-8D72-43D3-9249-A4892C427805}.Debug|ARM.ActiveCfg = Debug|Any CPU
		{E6AF2F00-8D72-43D3-9249-A4892C427805}.Debug|ARM.Build.0 = Debug|Any CPU
		{E6AF2F00-8D72-43D3-9249-A4892C427805}.Debug|ARM64.ActiveCfg = Debug|Any CPU
		{E6AF2F00-8D72-43D3-9249-A4892C427805}.Debug|ARM64.Build.0 = Debug|Any CPU
		{E6AF2F00-8D72-43D3-9249-A4892C427805}.Debug|x64.ActiveCfg = Debug|Any CPU
		{E6AF2F00-8D72-43D3-9249-A4892C427805}.Debug|x64.Build.0 = Debug|Any CPU
		{E6AF2F00-8D72-43D3-9249-A4892C427805}.Debug|x86.ActiveCfg = Debug|Any CPU
		{E6AF2F00-8D72-43D3-9249-A4892C427805}.Debug|x86.Build.0 = Debug|Any CPU
		{E6AF2F00-8D72-43D3-9249-A4892C427805}.Release|Any CPU.ActiveCfg = Release|Any CPU
		{E6AF2F00-8D72-43D3-9249-A4892C427805}.Release|Any CPU.Build.0 = Release|Any CPU
		{E6AF2F00-8D72-43D3-9249-A4892C427805}.Release|ARM.ActiveCfg = Release|Any CPU
		{E6AF2F00-8D72-43D3-9249-A4892C427805}.Release|ARM.Build.0 = Release|Any CPU
		{E6AF2F00-8D72-43D3-9249-A4892C427805}.Release|ARM64.ActiveCfg = Release|Any CPU
		{E6AF2F00-8D72-43D3-9249-A4892C427805}.Release|ARM64.Build.0 = Release|Any CPU
		{E6AF2F00-8D72-43D3-9249-A4892C427805}.Release|x64.ActiveCfg = Release|Any CPU
		{E6AF2F00-8D72-43D3-9249-A4892C427805}.Release|x64.Build.0 = Release|Any CPU
		{E6AF2F00-8D72-43D3-9249-A4892C427805}.Release|x86.ActiveCfg = Release|Any CPU
		{E6AF2F00-8D72-43D3-9249-A4892C427805}.Release|x86.Build.0 = Release|Any CPU
		{743061B6-9A44-4659-967F-674AB4FF335A}.Debug|Any CPU.ActiveCfg = Debug|Any CPU
		{743061B6-9A44-4659-967F-674AB4FF335A}.Debug|Any CPU.Build.0 = Debug|Any CPU
		{743061B6-9A44-4659-967F-674AB4FF335A}.Debug|ARM.ActiveCfg = Debug|Any CPU
		{743061B6-9A44-4659-967F-674AB4FF335A}.Debug|ARM.Build.0 = Debug|Any CPU
		{743061B6-9A44-4659-967F-674AB4FF335A}.Debug|ARM64.ActiveCfg = Debug|Any CPU
		{743061B6-9A44-4659-967F-674AB4FF335A}.Debug|ARM64.Build.0 = Debug|Any CPU
		{743061B6-9A44-4659-967F-674AB4FF335A}.Debug|x64.ActiveCfg = Debug|Any CPU
		{743061B6-9A44-4659-967F-674AB4FF335A}.Debug|x64.Build.0 = Debug|Any CPU
		{743061B6-9A44-4659-967F-674AB4FF335A}.Debug|x86.ActiveCfg = Debug|Any CPU
		{743061B6-9A44-4659-967F-674AB4FF335A}.Debug|x86.Build.0 = Debug|Any CPU
		{743061B6-9A44-4659-967F-674AB4FF335A}.Release|Any CPU.ActiveCfg = Release|Any CPU
		{743061B6-9A44-4659-967F-674AB4FF335A}.Release|Any CPU.Build.0 = Release|Any CPU
		{743061B6-9A44-4659-967F-674AB4FF335A}.Release|ARM.ActiveCfg = Release|Any CPU
		{743061B6-9A44-4659-967F-674AB4FF335A}.Release|ARM.Build.0 = Release|Any CPU
		{743061B6-9A44-4659-967F-674AB4FF335A}.Release|ARM64.ActiveCfg = Release|Any CPU
		{743061B6-9A44-4659-967F-674AB4FF335A}.Release|ARM64.Build.0 = Release|Any CPU
		{743061B6-9A44-4659-967F-674AB4FF335A}.Release|x64.ActiveCfg = Release|Any CPU
		{743061B6-9A44-4659-967F-674AB4FF335A}.Release|x64.Build.0 = Release|Any CPU
		{743061B6-9A44-4659-967F-674AB4FF335A}.Release|x86.ActiveCfg = Release|Any CPU
		{743061B6-9A44-4659-967F-674AB4FF335A}.Release|x86.Build.0 = Release|Any CPU
		{537F9E39-CDA1-4E4A-9BAE-80C325424114}.Debug|Any CPU.ActiveCfg = Debug|Any CPU
		{537F9E39-CDA1-4E4A-9BAE-80C325424114}.Debug|Any CPU.Build.0 = Debug|Any CPU
		{537F9E39-CDA1-4E4A-9BAE-80C325424114}.Debug|ARM.ActiveCfg = Debug|Any CPU
		{537F9E39-CDA1-4E4A-9BAE-80C325424114}.Debug|ARM.Build.0 = Debug|Any CPU
		{537F9E39-CDA1-4E4A-9BAE-80C325424114}.Debug|ARM64.ActiveCfg = Debug|Any CPU
		{537F9E39-CDA1-4E4A-9BAE-80C325424114}.Debug|ARM64.Build.0 = Debug|Any CPU
		{537F9E39-CDA1-4E4A-9BAE-80C325424114}.Debug|x64.ActiveCfg = Debug|Any CPU
		{537F9E39-CDA1-4E4A-9BAE-80C325424114}.Debug|x64.Build.0 = Debug|Any CPU
		{537F9E39-CDA1-4E4A-9BAE-80C325424114}.Debug|x86.ActiveCfg = Debug|Any CPU
		{537F9E39-CDA1-4E4A-9BAE-80C325424114}.Debug|x86.Build.0 = Debug|Any CPU
		{537F9E39-CDA1-4E4A-9BAE-80C325424114}.Release|Any CPU.ActiveCfg = Release|Any CPU
		{537F9E39-CDA1-4E4A-9BAE-80C325424114}.Release|Any CPU.Build.0 = Release|Any CPU
		{537F9E39-CDA1-4E4A-9BAE-80C325424114}.Release|ARM.ActiveCfg = Release|Any CPU
		{537F9E39-CDA1-4E4A-9BAE-80C325424114}.Release|ARM.Build.0 = Release|Any CPU
		{537F9E39-CDA1-4E4A-9BAE-80C325424114}.Release|ARM64.ActiveCfg = Release|Any CPU
		{537F9E39-CDA1-4E4A-9BAE-80C325424114}.Release|ARM64.Build.0 = Release|Any CPU
		{537F9E39-CDA1-4E4A-9BAE-80C325424114}.Release|x64.ActiveCfg = Release|Any CPU
		{537F9E39-CDA1-4E4A-9BAE-80C325424114}.Release|x64.Build.0 = Release|Any CPU
		{537F9E39-CDA1-4E4A-9BAE-80C325424114}.Release|x86.ActiveCfg = Release|Any CPU
		{537F9E39-CDA1-4E4A-9BAE-80C325424114}.Release|x86.Build.0 = Release|Any CPU
	EndGlobalSection
	GlobalSection(SolutionProperties) = preSolution
		HideSolutionNode = FALSE
	EndGlobalSection
	GlobalSection(ExtensibilityGlobals) = postSolution
		SolutionGuid = {94BD6CEC-FDC0-48C5-AD9E-EAABF7481AF8}
	EndGlobalSection
EndGlobal
